
Microsoft Visual Studio Solution File, Format Version 12.00
# Visual Studio 15
VisualStudioVersion = 15.0.27428.2015
MinimumVisualStudioVersion = 10.0.40219.1
Project("{FAE04EC0-301F-11D3-BF4B-00C04F79EFBC}") = "PnPProvisioningDemo", "PnPProvisioningDemo\PnPProvisioningDemo.csproj", "{2078B62D-CEF7-4619-839C-8F5629A63116}"
EndProject
Global
	GlobalSection(SolutionConfigurationPlatforms) = preSolution
		Debug|Any CPU = Debug|Any CPU
		Release|Any CPU = Release|Any CPU
	EndGlobalSection
	GlobalSection(ProjectConfigurationPlatforms) = postSolution
		{2078B62D-CEF7-4619-839C-8F5629A63116}.Debug|Any CPU.ActiveCfg = Debug|Any CPU
		{2078B62D-CEF7-4619-839C-8F5629A63116}.Debug|Any CPU.Build.0 = Debug|Any CPU
		{2078B62D-CEF7-4619-839C-8F5629A63116}.Release|Any CPU.ActiveCfg = Release|Any CPU
		{2078B62D-CEF7-4619-839C-8F5629A63116}.Release|Any CPU.Build.0 = Release|Any CPU
	EndGlobalSection
	GlobalSection(SolutionProperties) = preSolution
		HideSolutionNode = FALSE
	EndGlobalSection
	GlobalSection(ExtensibilityGlobals) = postSolution
		SolutionGuid = {7A8C7ED1-9518-43C8-9788-02A86B2EDA0C}
	EndGlobalSection
EndGlobal
